
Microsoft Visual Studio Solution File, Format Version 12.00
# Visual Studio 15
Project("{FAE04EC0-301F-11D3-BF4B-00C04F79EFBC}") = "Assembly-CSharp", "Assembly-CSharp.csproj", "{3A476175-A5F3-99B4-7AA0-F13FE78C9E56}"
EndProject
Project("{FAE04EC0-301F-11D3-BF4B-00C04F79EFBC}") = "Assembly-CSharp-Editor", "Assembly-CSharp-Editor.csproj", "{288CB9F4-37B2-606A-4315-3AA50A7843ED}"
EndProject
Project("{FAE04EC0-301F-11D3-BF4B-00C04F79EFBC}") = "GoogleMobileAds.Editor", "GoogleMobileAds.Editor.csproj", "{66E035C5-1330-9279-E436-D72A5838B70C}"
EndProject
Global
	GlobalSection(SolutionConfigurationPlatforms) = preSolution
		Debug|Any CPU = Debug|Any CPU
		Release|Any CPU = Release|Any CPU
	EndGlobalSection
	GlobalSection(ProjectConfigurationPlatforms) = postSolution
		{3A476175-A5F3-99B4-7AA0-F13FE78C9E56}.Debug|Any CPU.ActiveCfg = Debug|Any CPU
		{3A476175-A5F3-99B4-7AA0-F13FE78C9E56}.Debug|Any CPU.Build.0 = Debug|Any CPU
		{3A476175-A5F3-99B4-7AA0-F13FE78C9E56}.Release|Any CPU.ActiveCfg = Release|Any CPU
		{3A476175-A5F3-99B4-7AA0-F13FE78C9E56}.Release|Any CPU.Build.0 = Release|Any CPU
		{288CB9F4-37B2-606A-4315-3AA50A7843ED}.Debug|Any CPU.ActiveCfg = Debug|Any CPU
		{288CB9F4-37B2-606A-4315-3AA50A7843ED}.Debug|Any CPU.Build.0 = Debug|Any CPU
		{288CB9F4-37B2-606A-4315-3AA50A7843ED}.Release|Any CPU.ActiveCfg = Release|Any CPU
		{288CB9F4-37B2-606A-4315-3AA50A7843ED}.Release|Any CPU.Build.0 = Release|Any CPU
		{66E035C5-1330-9279-E436-D72A5838B70C}.Debug|Any CPU.ActiveCfg = Debug|Any CPU
		{66E035C5-1330-9279-E436-D72A5838B70C}.Debug|Any CPU.Build.0 = Debug|Any CPU
		{66E035C5-1330-9279-E436-D72A5838B70C}.Release|Any CPU.ActiveCfg = Release|Any CPU
		{66E035C5-1330-9279-E436-D72A5838B70C}.Release|Any CPU.Build.0 = Release|Any CPU
	EndGlobalSection
	GlobalSection(SolutionProperties) = preSolution
		HideSolutionNode = FALSE
	EndGlobalSection
EndGlobal
