
Microsoft Visual Studio Solution File, Format Version 12.00
# Visual Studio 15
Project("{FAE04EC0-301F-11D3-BF4B-00C04F79EFBC}") = "Assembly-CSharp", "Assembly-CSharp.csproj", "{A9859C70-6F7D-1DA4-858F-DD8C5375D1DB}"
EndProject
Project("{FAE04EC0-301F-11D3-BF4B-00C04F79EFBC}") = "Assembly-CSharp-Editor", "Assembly-CSharp-Editor.csproj", "{F4877D94-1DA5-E7D9-AD91-CE6367D8870F}"
EndProject
Global
	GlobalSection(SolutionConfigurationPlatforms) = preSolution
		Debug|Any CPU = Debug|Any CPU
		Release|Any CPU = Release|Any CPU
	EndGlobalSection
	GlobalSection(ProjectConfigurationPlatforms) = postSolution
		{A9859C70-6F7D-1DA4-858F-DD8C5375D1DB}.Debug|Any CPU.ActiveCfg = Debug|Any CPU
		{A9859C70-6F7D-1DA4-858F-DD8C5375D1DB}.Debug|Any CPU.Build.0 = Debug|Any CPU
		{A9859C70-6F7D-1DA4-858F-DD8C5375D1DB}.Release|Any CPU.ActiveCfg = Release|Any CPU
		{A9859C70-6F7D-1DA4-858F-DD8C5375D1DB}.Release|Any CPU.Build.0 = Release|Any CPU
		{F4877D94-1DA5-E7D9-AD91-CE6367D8870F}.Debug|Any CPU.ActiveCfg = Debug|Any CPU
		{F4877D94-1DA5-E7D9-AD91-CE6367D8870F}.Debug|Any CPU.Build.0 = Debug|Any CPU
		{F4877D94-1DA5-E7D9-AD91-CE6367D8870F}.Release|Any CPU.ActiveCfg = Release|Any CPU
		{F4877D94-1DA5-E7D9-AD91-CE6367D8870F}.Release|Any CPU.Build.0 = Release|Any CPU
	EndGlobalSection
	GlobalSection(SolutionProperties) = preSolution
		HideSolutionNode = FALSE
	EndGlobalSection
EndGlobal
